
Microsoft Visual Studio Solution File, Format Version 12.00
# Visual Studio 15
Project("{FAE04EC0-301F-11D3-BF4B-00C04F79EFBC}") = "Assembly-CSharp-Editor", "Assembly-CSharp-Editor.csproj", "{22FFD11A-DF25-145C-CCDD-39B1C1A404FE}"
EndProject
Project("{FAE04EC0-301F-11D3-BF4B-00C04F79EFBC}") = "Assembly-CSharp", "Assembly-CSharp.csproj", "{754DCCB4-A332-32B1-671E-F31E16F30559}"
EndProject
Global
	GlobalSection(SolutionConfigurationPlatforms) = preSolution
		Debug|Any CPU = Debug|Any CPU
		Release|Any CPU = Release|Any CPU
	EndGlobalSection
	GlobalSection(ProjectConfigurationPlatforms) = postSolution
		{22FFD11A-DF25-145C-CCDD-39B1C1A404FE}.Debug|Any CPU.ActiveCfg = Debug|Any CPU
		{22FFD11A-DF25-145C-CCDD-39B1C1A404FE}.Debug|Any CPU.Build.0 = Debug|Any CPU
		{22FFD11A-DF25-145C-CCDD-39B1C1A404FE}.Release|Any CPU.ActiveCfg = Release|Any CPU
		{22FFD11A-DF25-145C-CCDD-39B1C1A404FE}.Release|Any CPU.Build.0 = Release|Any CPU
		{754DCCB4-A332-32B1-671E-F31E16F30559}.Debug|Any CPU.ActiveCfg = Debug|Any CPU
		{754DCCB4-A332-32B1-671E-F31E16F30559}.Debug|Any CPU.Build.0 = Debug|Any CPU
		{754DCCB4-A332-32B1-671E-F31E16F30559}.Release|Any CPU.ActiveCfg = Release|Any CPU
		{754DCCB4-A332-32B1-671E-F31E16F30559}.Release|Any CPU.Build.0 = Release|Any CPU
	EndGlobalSection
	GlobalSection(SolutionProperties) = preSolution
		HideSolutionNode = FALSE
	EndGlobalSection
EndGlobal
